github.com/nutanix/patrao v0.0.0-20190410140048-5ef13edfea85 h1:IoAxhqCca8/gaoWMyxkxMew62Rv74kneHAavQuElXgs=
github.com/nutanix/patrao v0.0.0-20190419115658-863546c25a2a h1:OQfGHQ+FzLRGaGhaDLDuycKcvh7HAQXu16apjY3Gq5o=
github.com/nutanix/patrao v0.0.0-20190419115658-863546c25a2a/go.mod h1:Ob+Ajz+BHOOA5OlYPBnSuVFdtafSbjcoupJwbshGAA4=
